github.com/davecgh/go-spew v1.1.0 h1:ZDRjVQ15GmhC3fiQ8ni8+OwkZQO4DARzQgrnXU1Liz8=
github.com/pmezard/go-difflib v1.0.0 h1:4DBwDE0NGyQoBHbLQYPwSUPoCMWR5BEzIk/f1lZbAQM=
github.com/snyk/cli-extension-lib-go v0.0.0-20220811175831-cccd20997fed h1:n15AbxG44W8T2LQk31c0I8LutJADT8wPnTsf4Jlyg/U=
github.com/snyk/cli-extension-lib-go v0.0.0-20220811175831-cccd20997fed/go.mod h1:AWlXeQJLA0dktpcBNQ7aDf8IwG9m8+4kpDa1TXg9bqQ=
github.com/stretchr/testify v1.7.1 h1:5TQK59W5E3v0r2duFAb7P95B6hEeOyEnHRa8MjYSMTY=
gopkg.in/yaml.v3 v3.0.1 h1:fxVm/GzAzEWqLHuvctI91KS9hhNmmWOoWu0XTYJS7CA=
